// !$*UTF8*$!
{
	archiveVersion = 1;
	classes = {
	};
	objectVersion = 46;
	objects = {

/* Begin PBXBuildFile section */
		C90CE2A61465A91100824301 /* ASINetworkQueue.m in Sources */ = {isa = PBXBuildFile; fileRef = C90CE2931465A91100824301 /* ASINetworkQueue.m */; };
		C90CE2A71465A91100824301 /* ASIInputStream.m in Sources */ = {isa = PBXBuildFile; fileRef = C90CE2951465A91100824301 /* ASIInputStream.m */; };
		C90CE2A81465A91100824301 /* ASIHTTPRequest.m in Sources */ = {isa = PBXBuildFile; fileRef = C90CE2991465A91100824301 /* ASIHTTPRequest.m */; };
		C90CE2A91465A91100824301 /* ASIFormDataRequest.m in Sources */ = {isa = PBXBuildFile; fileRef = C90CE29B1465A91100824301 /* ASIFormDataRequest.m */; };
		C90CE2AA1465A91100824301 /* ASIDownloadCache.m in Sources */ = {isa = PBXBuildFile; fileRef = C90CE29D1465A91100824301 /* ASIDownloadCache.m */; };
		C90CE2AB1465A91100824301 /* ASIDataDecompressor.m in Sources */ = {isa = PBXBuildFile; fileRef = C90CE29F1465A91100824301 /* ASIDataDecompressor.m */; };
		C90CE2AC1465A91100824301 /* ASIDataCompressor.m in Sources */ = {isa = PBXBuildFile; fileRef = C90CE2A11465A91100824301 /* ASIDataCompressor.m */; };
		C90CE2AD1465A91100824301 /* ASIAuthenticationDialog.m in Sources */ = {isa = PBXBuildFile; fileRef = C90CE2A41465A91100824301 /* ASIAuthenticationDialog.m */; };
		C90CE2AF1465A92C00824301 /* CFNetwork.framework in Frameworks */ = {isa = PBXBuildFile; fileRef = C90CE2AE1465A92C00824301 /* CFNetwork.framework */; };
		C90CE2B21465A94900824301 /* Reachability.m in Sources */ = {isa = PBXBuildFile; fileRef = C90CE2B01465A94900824301 /* Reachability.m */; };
		C90CE2B41465A95E00824301 /* libz.dylib in Frameworks */ = {isa = PBXBuildFile; fileRef = C90CE2B31465A95E00824301 /* libz.dylib */; };
		C90CE2B81465A9DE00824301 /* MobileCoreServices.framework in Frameworks */ = {isa = PBXBuildFile; fileRef = C90CE2B71465A9DE00824301 /* MobileCoreServices.framework */; };
		C90CE2BA1465A9F500824301 /* SystemConfiguration.framework in Frameworks */ = {isa = PBXBuildFile; fileRef = C90CE2B91465A9F500824301 /* SystemConfiguration.framework */; };
		C90CE2BC1465AD9F00824301 /* CoreLocation.framework in Frameworks */ = {isa = PBXBuildFile; fileRef = C90CE2BB1465AD9F00824301 /* CoreLocation.framework */; };
		C90CE2BF1465C48C00824301 /* PoopImage.m in Sources */ = {isa = PBXBuildFile; fileRef = C90CE2BE1465C48C00824301 /* PoopImage.m */; };
		C90CE2CE1465D23900824301 /* CJSONDeserializer.m in Sources */ = {isa = PBXBuildFile; fileRef = C90CE2CA1465D23900824301 /* CJSONDeserializer.m */; };
		C90CE2CF1465D23900824301 /* CDataScanner.m in Sources */ = {isa = PBXBuildFile; fileRef = C90CE2CC1465D23900824301 /* CDataScanner.m */; };
		C90CE2D21465D27200824301 /* CJSONScanner.m in Sources */ = {isa = PBXBuildFile; fileRef = C90CE2D01465D27200824301 /* CJSONScanner.m */; };
		C90CE2D51465D28000824301 /* CDataScanner_Extensions.m in Sources */ = {isa = PBXBuildFile; fileRef = C90CE2D31465D28000824301 /* CDataScanner_Extensions.m */; };
		C9C8626B146591B300957DC1 /* UIKit.framework in Frameworks */ = {isa = PBXBuildFile; fileRef = C9C8626A146591B300957DC1 /* UIKit.framework */; };
		C9C8626D146591B300957DC1 /* Foundation.framework in Frameworks */ = {isa = PBXBuildFile; fileRef = C9C8626C146591B300957DC1 /* Foundation.framework */; };
		C9C8626F146591B300957DC1 /* CoreGraphics.framework in Frameworks */ = {isa = PBXBuildFile; fileRef = C9C8626E146591B300957DC1 /* CoreGraphics.framework */; };
		C9C86275146591B300957DC1 /* InfoPlist.strings in Resources */ = {isa = PBXBuildFile; fileRef = C9C86273146591B300957DC1 /* InfoPlist.strings */; };
		C9C86277146591B300957DC1 /* main.m in Sources */ = {isa = PBXBuildFile; fileRef = C9C86276146591B300957DC1 /* main.m */; };
		C9C8627B146591B300957DC1 /* AppDelegate.m in Sources */ = {isa = PBXBuildFile; fileRef = C9C8627A146591B300957DC1 /* AppDelegate.m */; };
		C9C8627E146591B300957DC1 /* MainStoryboard.storyboard in Resources */ = {isa = PBXBuildFile; fileRef = C9C8627C146591B300957DC1 /* MainStoryboard.storyboard */; };
		C9C86281146591B300957DC1 /* FirstViewController.m in Sources */ = {isa = PBXBuildFile; fileRef = C9C86280146591B300957DC1 /* FirstViewController.m */; };
		C9C86283146591B300957DC1 /* first.png in Resources */ = {isa = PBXBuildFile; fileRef = C9C86282146591B300957DC1 /* first.png */; };
		C9C86285146591B300957DC1 /* first@2x.png in Resources */ = {isa = PBXBuildFile; fileRef = C9C86284146591B300957DC1 /* first@2x.png */; };
		C9C86288146591B300957DC1 /* SecondViewController.m in Sources */ = {isa = PBXBuildFile; fileRef = C9C86287146591B300957DC1 /* SecondViewController.m */; };
		C9C8628A146591B300957DC1 /* second.png in Resources */ = {isa = PBXBuildFile; fileRef = C9C86289146591B300957DC1 /* second.png */; };
		C9C8628C146591B300957DC1 /* second@2x.png in Resources */ = {isa = PBXBuildFile; fileRef = C9C8628B146591B300957DC1 /* second@2x.png */; };
		C9C862931465A16C00957DC1 /* AVFoundation.framework in Frameworks */ = {isa = PBXBuildFile; fileRef = C9C862921465A16C00957DC1 /* AVFoundation.framework */; };
		C9C862951465A18300957DC1 /* CoreImage.framework in Frameworks */ = {isa = PBXBuildFile; fileRef = C9C862941465A18300957DC1 /* CoreImage.framework */; };
		C9C862971465A18A00957DC1 /* CoreMedia.framework in Frameworks */ = {isa = PBXBuildFile; fileRef = C9C862961465A18A00957DC1 /* CoreMedia.framework */; };
		C9C8629D1465A29700957DC1 /* ImageIO.framework in Frameworks */ = {isa = PBXBuildFile; fileRef = C9C8629C1465A29700957DC1 /* ImageIO.framework */; };
		C9C862A41465A60C00957DC1 /* WebInterface.m in Sources */ = {isa = PBXBuildFile; fileRef = C9C862A31465A60C00957DC1 /* WebInterface.m */; };
/* End PBXBuildFile section */

/* Begin PBXFileReference section */
		C90CE2921465A91100824301 /* ASIProgressDelegate.h */ = {isa = PBXFileReference; fileEncoding = 4; lastKnownFileType = sourcecode.c.h; name = ASIProgressDelegate.h; path = "../../asi-http-request/Classes/ASIProgressDelegate.h"; sourceTree = "<group>"; };
		C90CE2931465A91100824301 /* ASINetworkQueue.m */ = {isa = PBXFileReference; fileEncoding = 4; lastKnownFileType = sourcecode.c.objc; name = ASINetworkQueue.m; path = "../../asi-http-request/Classes/ASINetworkQueue.m"; sourceTree = "<group>"; };
		C90CE2941465A91100824301 /* ASINetworkQueue.h */ = {isa = PBXFileReference; fileEncoding = 4; lastKnownFileType = sourcecode.c.h; name = ASINetworkQueue.h; path = "../../asi-http-request/Classes/ASINetworkQueue.h"; sourceTree = "<group>"; };
		C90CE2951465A91100824301 /* ASIInputStream.m */ = {isa = PBXFileReference; fileEncoding = 4; lastKnownFileType = sourcecode.c.objc; name = ASIInputStream.m; path = "../../asi-http-request/Classes/ASIInputStream.m"; sourceTree = "<group>"; };
		C90CE2961465A91100824301 /* ASIInputStream.h */ = {isa = PBXFileReference; fileEncoding = 4; lastKnownFileType = sourcecode.c.h; name = ASIInputStream.h; path = "../../asi-http-request/Classes/ASIInputStream.h"; sourceTree = "<group>"; };
		C90CE2971465A91100824301 /* ASIHTTPRequestDelegate.h */ = {isa = PBXFileReference; fileEncoding = 4; lastKnownFileType = sourcecode.c.h; name = ASIHTTPRequestDelegate.h; path = "../../asi-http-request/Classes/ASIHTTPRequestDelegate.h"; sourceTree = "<group>"; };
		C90CE2981465A91100824301 /* ASIHTTPRequestConfig.h */ = {isa = PBXFileReference; fileEncoding = 4; lastKnownFileType = sourcecode.c.h; name = ASIHTTPRequestConfig.h; path = "../../asi-http-request/Classes/ASIHTTPRequestConfig.h"; sourceTree = "<group>"; };
		C90CE2991465A91100824301 /* ASIHTTPRequest.m */ = {isa = PBXFileReference; fileEncoding = 4; lastKnownFileType = sourcecode.c.objc; name = ASIHTTPRequest.m; path = "../../asi-http-request/Classes/ASIHTTPRequest.m"; sourceTree = "<group>"; };
		C90CE29A1465A91100824301 /* ASIHTTPRequest.h */ = {isa = PBXFileReference; fileEncoding = 4; lastKnownFileType = sourcecode.c.h; name = ASIHTTPRequest.h; path = "../../asi-http-request/Classes/ASIHTTPRequest.h"; sourceTree = "<group>"; };
		C90CE29B1465A91100824301 /* ASIFormDataRequest.m */ = {isa = PBXFileReference; fileEncoding = 4; lastKnownFileType = sourcecode.c.objc; name = ASIFormDataRequest.m; path = "../../asi-http-request/Classes/ASIFormDataRequest.m"; sourceTree = "<group>"; };
		C90CE29C1465A91100824301 /* ASIFormDataRequest.h */ = {isa = PBXFileReference; fileEncoding = 4; lastKnownFileType = sourcecode.c.h; name = ASIFormDataRequest.h; path = "../../asi-http-request/Classes/ASIFormDataRequest.h"; sourceTree = "<group>"; };
		C90CE29D1465A91100824301 /* ASIDownloadCache.m */ = {isa = PBXFileReference; fileEncoding = 4; lastKnownFileType = sourcecode.c.objc; name = ASIDownloadCache.m; path = "../../asi-http-request/Classes/ASIDownloadCache.m"; sourceTree = "<group>"; };
		C90CE29E1465A91100824301 /* ASIDownloadCache.h */ = {isa = PBXFileReference; fileEncoding = 4; lastKnownFileType = sourcecode.c.h; name = ASIDownloadCache.h; path = "../../asi-http-request/Classes/ASIDownloadCache.h"; sourceTree = "<group>"; };
		C90CE29F1465A91100824301 /* ASIDataDecompressor.m */ = {isa = PBXFileReference; fileEncoding = 4; lastKnownFileType = sourcecode.c.objc; name = ASIDataDecompressor.m; path = "../../asi-http-request/Classes/ASIDataDecompressor.m"; sourceTree = "<group>"; };
		C90CE2A01465A91100824301 /* ASIDataDecompressor.h */ = {isa = PBXFileReference; fileEncoding = 4; lastKnownFileType = sourcecode.c.h; name = ASIDataDecompressor.h; path = "../../asi-http-request/Classes/ASIDataDecompressor.h"; sourceTree = "<group>"; };
		C90CE2A11465A91100824301 /* ASIDataCompressor.m */ = {isa = PBXFileReference; fileEncoding = 4; lastKnownFileType = sourcecode.c.objc; name = ASIDataCompressor.m; path = "../../asi-http-request/Classes/ASIDataCompressor.m"; sourceTree = "<group>"; };
		C90CE2A21465A91100824301 /* ASIDataCompressor.h */ = {isa = PBXFileReference; fileEncoding = 4; lastKnownFileType = sourcecode.c.h; name = ASIDataCompressor.h; path = "../../asi-http-request/Classes/ASIDataCompressor.h"; sourceTree = "<group>"; };
		C90CE2A31465A91100824301 /* ASICacheDelegate.h */ = {isa = PBXFileReference; fileEncoding = 4; lastKnownFileType = sourcecode.c.h; name = ASICacheDelegate.h; path = "../../asi-http-request/Classes/ASICacheDelegate.h"; sourceTree = "<group>"; };
		C90CE2A41465A91100824301 /* ASIAuthenticationDialog.m */ = {isa = PBXFileReference; fileEncoding = 4; lastKnownFileType = sourcecode.c.objc; name = ASIAuthenticationDialog.m; path = "../../asi-http-request/Classes/ASIAuthenticationDialog.m"; sourceTree = "<group>"; };
		C90CE2A51465A91100824301 /* ASIAuthenticationDialog.h */ = {isa = PBXFileReference; fileEncoding = 4; lastKnownFileType = sourcecode.c.h; name = ASIAuthenticationDialog.h; path = "../../asi-http-request/Classes/ASIAuthenticationDialog.h"; sourceTree = "<group>"; };
		C90CE2AE1465A92C00824301 /* CFNetwork.framework */ = {isa = PBXFileReference; lastKnownFileType = wrapper.framework; name = CFNetwork.framework; path = System/Library/Frameworks/CFNetwork.framework; sourceTree = SDKROOT; };
		C90CE2B01465A94900824301 /* Reachability.m */ = {isa = PBXFileReference; fileEncoding = 4; lastKnownFileType = sourcecode.c.objc; name = Reachability.m; path = "../../asi-http-request/External/Reachability/Reachability.m"; sourceTree = "<group>"; };
		C90CE2B11465A94900824301 /* Reachability.h */ = {isa = PBXFileReference; fileEncoding = 4; lastKnownFileType = sourcecode.c.h; name = Reachability.h; path = "../../asi-http-request/External/Reachability/Reachability.h"; sourceTree = "<group>"; };
		C90CE2B31465A95E00824301 /* libz.dylib */ = {isa = PBXFileReference; lastKnownFileType = "compiled.mach-o.dylib"; name = libz.dylib; path = usr/lib/libz.dylib; sourceTree = SDKROOT; };
		C90CE2B71465A9DE00824301 /* MobileCoreServices.framework */ = {isa = PBXFileReference; lastKnownFileType = wrapper.framework; name = MobileCoreServices.framework; path = System/Library/Frameworks/MobileCoreServices.framework; sourceTree = SDKROOT; };
		C90CE2B91465A9F500824301 /* SystemConfiguration.framework */ = {isa = PBXFileReference; lastKnownFileType = wrapper.framework; name = SystemConfiguration.framework; path = System/Library/Frameworks/SystemConfiguration.framework; sourceTree = SDKROOT; };
		C90CE2BB1465AD9F00824301 /* CoreLocation.framework */ = {isa = PBXFileReference; lastKnownFileType = wrapper.framework; name = CoreLocation.framework; path = System/Library/Frameworks/CoreLocation.framework; sourceTree = SDKROOT; };
		C90CE2BD1465C48C00824301 /* PoopImage.h */ = {isa = PBXFileReference; fileEncoding = 4; lastKnownFileType = sourcecode.c.h; path = PoopImage.h; sourceTree = "<group>"; };
		C90CE2BE1465C48C00824301 /* PoopImage.m */ = {isa = PBXFileReference; fileEncoding = 4; lastKnownFileType = sourcecode.c.objc; path = PoopImage.m; sourceTree = "<group>"; };
		C90CE2CA1465D23900824301 /* CJSONDeserializer.m */ = {isa = PBXFileReference; fileEncoding = 4; lastKnownFileType = sourcecode.c.objc; name = CJSONDeserializer.m; path = ../../TouchJSON/Source/JSON/CJSONDeserializer.m; sourceTree = "<group>"; };
		C90CE2CB1465D23900824301 /* CJSONDeserializer.h */ = {isa = PBXFileReference; fileEncoding = 4; lastKnownFileType = sourcecode.c.h; name = CJSONDeserializer.h; path = ../../TouchJSON/Source/JSON/CJSONDeserializer.h; sourceTree = "<group>"; };
		C90CE2CC1465D23900824301 /* CDataScanner.m */ = {isa = PBXFileReference; fileEncoding = 4; lastKnownFileType = sourcecode.c.objc; name = CDataScanner.m; path = ../../TouchJSON/Source/CDataScanner.m; sourceTree = "<group>"; };
		C90CE2CD1465D23900824301 /* CDataScanner.h */ = {isa = PBXFileReference; fileEncoding = 4; lastKnownFileType = sourcecode.c.h; name = CDataScanner.h; path = ../../TouchJSON/Source/CDataScanner.h; sourceTree = "<group>"; };
		C90CE2D01465D27200824301 /* CJSONScanner.m */ = {isa = PBXFileReference; fileEncoding = 4; lastKnownFileType = sourcecode.c.objc; name = CJSONScanner.m; path = ../../TouchJSON/Source/JSON/CJSONScanner.m; sourceTree = "<group>"; };
		C90CE2D11465D27200824301 /* CJSONScanner.h */ = {isa = PBXFileReference; fileEncoding = 4; lastKnownFileType = sourcecode.c.h; name = CJSONScanner.h; path = ../../TouchJSON/Source/JSON/CJSONScanner.h; sourceTree = "<group>"; };
		C90CE2D31465D28000824301 /* CDataScanner_Extensions.m */ = {isa = PBXFileReference; fileEncoding = 4; lastKnownFileType = sourcecode.c.objc; name = CDataScanner_Extensions.m; path = ../../TouchJSON/Source/Extensions/CDataScanner_Extensions.m; sourceTree = "<group>"; };
		C90CE2D41465D28000824301 /* CDataScanner_Extensions.h */ = {isa = PBXFileReference; fileEncoding = 4; lastKnownFileType = sourcecode.c.h; name = CDataScanner_Extensions.h; path = ../../TouchJSON/Source/Extensions/CDataScanner_Extensions.h; sourceTree = "<group>"; };
		C9C86266146591B300957DC1 /* Hackathon.app */ = {isa = PBXFileReference; explicitFileType = wrapper.application; includeInIndex = 0; path = Hackathon.app; sourceTree = BUILT_PRODUCTS_DIR; };
		C9C8626A146591B300957DC1 /* UIKit.framework */ = {isa = PBXFileReference; lastKnownFileType = wrapper.framework; name = UIKit.framework; path = System/Library/Frameworks/UIKit.framework; sourceTree = SDKROOT; };
		C9C8626C146591B300957DC1 /* Foundation.framework */ = {isa = PBXFileReference; lastKnownFileType = wrapper.framework; name = Foundation.framework; path = System/Library/Frameworks/Foundation.framework; sourceTree = SDKROOT; };
		C9C8626E146591B300957DC1 /* CoreGraphics.framework */ = {isa = PBXFileReference; lastKnownFileType = wrapper.framework; name = CoreGraphics.framework; path = System/Library/Frameworks/CoreGraphics.framework; sourceTree = SDKROOT; };
		C9C86272146591B300957DC1 /* Hackathon-Info.plist */ = {isa = PBXFileReference; lastKnownFileType = text.plist.xml; path = "Hackathon-Info.plist"; sourceTree = "<group>"; };
		C9C86274146591B300957DC1 /* en */ = {isa = PBXFileReference; lastKnownFileType = text.plist.strings; name = en; path = en.lproj/InfoPlist.strings; sourceTree = "<group>"; };
		C9C86276146591B300957DC1 /* main.m */ = {isa = PBXFileReference; lastKnownFileType = sourcecode.c.objc; path = main.m; sourceTree = "<group>"; };
		C9C86278146591B300957DC1 /* Hackathon-Prefix.pch */ = {isa = PBXFileReference; lastKnownFileType = sourcecode.c.h; path = "Hackathon-Prefix.pch"; sourceTree = "<group>"; };
		C9C86279146591B300957DC1 /* AppDelegate.h */ = {isa = PBXFileReference; lastKnownFileType = sourcecode.c.h; path = AppDelegate.h; sourceTree = "<group>"; };
		C9C8627A146591B300957DC1 /* AppDelegate.m */ = {isa = PBXFileReference; lastKnownFileType = sourcecode.c.objc; path = AppDelegate.m; sourceTree = "<group>"; };
		C9C8627D146591B300957DC1 /* en */ = {isa = PBXFileReference; lastKnownFileType = file.storyboard; name = en; path = en.lproj/MainStoryboard.storyboard; sourceTree = "<group>"; };
		C9C8627F146591B300957DC1 /* FirstViewController.h */ = {isa = PBXFileReference; lastKnownFileType = sourcecode.c.h; path = FirstViewController.h; sourceTree = "<group>"; };
		C9C86280146591B300957DC1 /* FirstViewController.m */ = {isa = PBXFileReference; lastKnownFileType = sourcecode.c.objc; path = FirstViewController.m; sourceTree = "<group>"; };
		C9C86282146591B300957DC1 /* first.png */ = {isa = PBXFileReference; lastKnownFileType = image.png; path = first.png; sourceTree = "<group>"; };
		C9C86284146591B300957DC1 /* first@2x.png */ = {isa = PBXFileReference; lastKnownFileType = image.png; path = "first@2x.png"; sourceTree = "<group>"; };
		C9C86286146591B300957DC1 /* SecondViewController.h */ = {isa = PBXFileReference; lastKnownFileType = sourcecode.c.h; path = SecondViewController.h; sourceTree = "<group>"; };
		C9C86287146591B300957DC1 /* SecondViewController.m */ = {isa = PBXFileReference; lastKnownFileType = sourcecode.c.objc; path = SecondViewController.m; sourceTree = "<group>"; };
		C9C86289146591B300957DC1 /* second.png */ = {isa = PBXFileReference; lastKnownFileType = image.png; path = second.png; sourceTree = "<group>"; };
		C9C8628B146591B300957DC1 /* second@2x.png */ = {isa = PBXFileReference; lastKnownFileType = image.png; path = "second@2x.png"; sourceTree = "<group>"; };
		C9C862921465A16C00957DC1 /* AVFoundation.framework */ = {isa = PBXFileReference; lastKnownFileType = wrapper.framework; name = AVFoundation.framework; path = System/Library/Frameworks/AVFoundation.framework; sourceTree = SDKROOT; };
		C9C862941465A18300957DC1 /* CoreImage.framework */ = {isa = PBXFileReference; lastKnownFileType = wrapper.framework; name = CoreImage.framework; path = System/Library/Frameworks/CoreImage.framework; sourceTree = SDKROOT; };
		C9C862961465A18A00957DC1 /* CoreMedia.framework */ = {isa = PBXFileReference; lastKnownFileType = wrapper.framework; name = CoreMedia.framework; path = System/Library/Frameworks/CoreMedia.framework; sourceTree = SDKROOT; };
		C9C8629C1465A29700957DC1 /* ImageIO.framework */ = {isa = PBXFileReference; lastKnownFileType = wrapper.framework; name = ImageIO.framework; path = System/Library/Frameworks/ImageIO.framework; sourceTree = SDKROOT; };
		C9C862A21465A60C00957DC1 /* WebInterface.h */ = {isa = PBXFileReference; fileEncoding = 4; lastKnownFileType = sourcecode.c.h; path = WebInterface.h; sourceTree = "<group>"; };
		C9C862A31465A60C00957DC1 /* WebInterface.m */ = {isa = PBXFileReference; fileEncoding = 4; lastKnownFileType = sourcecode.c.objc; path = WebInterface.m; sourceTree = "<group>"; };
/* End PBXFileReference section */

/* Begin PBXFrameworksBuildPhase section */
		C9C86263146591B300957DC1 /* Frameworks */ = {
			isa = PBXFrameworksBuildPhase;
			buildActionMask = 2147483647;
			files = (
				C90CE2BC1465AD9F00824301 /* CoreLocation.framework in Frameworks */,
				C90CE2BA1465A9F500824301 /* SystemConfiguration.framework in Frameworks */,
				C90CE2B81465A9DE00824301 /* MobileCoreServices.framework in Frameworks */,
				C90CE2B41465A95E00824301 /* libz.dylib in Frameworks */,
				C90CE2AF1465A92C00824301 /* CFNetwork.framework in Frameworks */,
				C9C8629D1465A29700957DC1 /* ImageIO.framework in Frameworks */,
				C9C8626F146591B300957DC1 /* CoreGraphics.framework in Frameworks */,
				C9C862971465A18A00957DC1 /* CoreMedia.framework in Frameworks */,
				C9C862951465A18300957DC1 /* CoreImage.framework in Frameworks */,
				C9C862931465A16C00957DC1 /* AVFoundation.framework in Frameworks */,
				C9C8626B146591B300957DC1 /* UIKit.framework in Frameworks */,
				C9C8626D146591B300957DC1 /* Foundation.framework in Frameworks */,
			);
			runOnlyForDeploymentPostprocessing = 0;
		};
/* End PBXFrameworksBuildPhase section */

/* Begin PBXGroup section */
		C90CE2911465A8B700824301 /* ASIHTTP */ = {
			isa = PBXGroup;
			children = (
				C90CE2B01465A94900824301 /* Reachability.m */,
				C90CE2B11465A94900824301 /* Reachability.h */,
				C90CE2921465A91100824301 /* ASIProgressDelegate.h */,
				C90CE2931465A91100824301 /* ASINetworkQueue.m */,
				C90CE2941465A91100824301 /* ASINetworkQueue.h */,
				C90CE2951465A91100824301 /* ASIInputStream.m */,
				C90CE2961465A91100824301 /* ASIInputStream.h */,
				C90CE2971465A91100824301 /* ASIHTTPRequestDelegate.h */,
				C90CE2981465A91100824301 /* ASIHTTPRequestConfig.h */,
				C90CE2991465A91100824301 /* ASIHTTPRequest.m */,
				C90CE29A1465A91100824301 /* ASIHTTPRequest.h */,
				C90CE29B1465A91100824301 /* ASIFormDataRequest.m */,
				C90CE29C1465A91100824301 /* ASIFormDataRequest.h */,
				C90CE29D1465A91100824301 /* ASIDownloadCache.m */,
				C90CE29E1465A91100824301 /* ASIDownloadCache.h */,
				C90CE29F1465A91100824301 /* ASIDataDecompressor.m */,
				C90CE2A01465A91100824301 /* ASIDataDecompressor.h */,
				C90CE2A11465A91100824301 /* ASIDataCompressor.m */,
				C90CE2A21465A91100824301 /* ASIDataCompressor.h */,
				C90CE2A31465A91100824301 /* ASICacheDelegate.h */,
				C90CE2A41465A91100824301 /* ASIAuthenticationDialog.m */,
				C90CE2A51465A91100824301 /* ASIAuthenticationDialog.h */,
			);
			name = ASIHTTP;
			sourceTree = "<group>";
		};
		C90CE2C01465CAF600824301 /* TouchJSON */ = {
			isa = PBXGroup;
			children = (
				C90CE2D31465D28000824301 /* CDataScanner_Extensions.m */,
				C90CE2D41465D28000824301 /* CDataScanner_Extensions.h */,
				C90CE2D01465D27200824301 /* CJSONScanner.m */,
				C90CE2D11465D27200824301 /* CJSONScanner.h */,
				C90CE2CA1465D23900824301 /* CJSONDeserializer.m */,
				C90CE2CB1465D23900824301 /* CJSONDeserializer.h */,
				C90CE2CC1465D23900824301 /* CDataScanner.m */,
				C90CE2CD1465D23900824301 /* CDataScanner.h */,
			);
			name = TouchJSON;
			sourceTree = "<group>";
		};
		C9C8625B146591B300957DC1 = {
			isa = PBXGroup;
			children = (
				C90CE2BB1465AD9F00824301 /* CoreLocation.framework */,
				C9C86270146591B300957DC1 /* Hackathon */,
				C9C86269146591B300957DC1 /* Frameworks */,
				C9C86267146591B300957DC1 /* Products */,
			);
			sourceTree = "<group>";
		};
		C9C86267146591B300957DC1 /* Products */ = {
			isa = PBXGroup;
			children = (
				C9C86266146591B300957DC1 /* Hackathon.app */,
			);
			name = Products;
			sourceTree = "<group>";
		};
		C9C86269146591B300957DC1 /* Frameworks */ = {
			isa = PBXGroup;
			children = (
				C90CE2B91465A9F500824301 /* SystemConfiguration.framework */,
				C90CE2B71465A9DE00824301 /* MobileCoreServices.framework */,
				C90CE2B31465A95E00824301 /* libz.dylib */,
				C90CE2AE1465A92C00824301 /* CFNetwork.framework */,
				C9C8629C1465A29700957DC1 /* ImageIO.framework */,
				C9C862961465A18A00957DC1 /* CoreMedia.framework */,
				C9C862941465A18300957DC1 /* CoreImage.framework */,
				C9C862921465A16C00957DC1 /* AVFoundation.framework */,
				C9C8626A146591B300957DC1 /* UIKit.framework */,
				C9C8626C146591B300957DC1 /* Foundation.framework */,
				C9C8626E146591B300957DC1 /* CoreGraphics.framework */,
			);
			name = Frameworks;
			sourceTree = "<group>";
		};
		C9C86270146591B300957DC1 /* Hackathon */ = {
			isa = PBXGroup;
			children = (
				C90CE2C01465CAF600824301 /* TouchJSON */,
				C90CE2911465A8B700824301 /* ASIHTTP */,
				C9C86279146591B300957DC1 /* AppDelegate.h */,
				C9C8627A146591B300957DC1 /* AppDelegate.m */,
				C9C8627C146591B300957DC1 /* MainStoryboard.storyboard */,
				C9C8627F146591B300957DC1 /* FirstViewController.h */,
				C9C86280146591B300957DC1 /* FirstViewController.m */,
				C9C86282146591B300957DC1 /* first.png */,
				C9C86284146591B300957DC1 /* first@2x.png */,
				C9C86286146591B300957DC1 /* SecondViewController.h */,
				C9C86287146591B300957DC1 /* SecondViewController.m */,
				C9C862A21465A60C00957DC1 /* WebInterface.h */,
				C9C862A31465A60C00957DC1 /* WebInterface.m */,
				C9C86289146591B300957DC1 /* second.png */,
				C9C8628B146591B300957DC1 /* second@2x.png */,
				C90CE2BD1465C48C00824301 /* PoopImage.h */,
				C90CE2BE1465C48C00824301 /* PoopImage.m */,
				C9C86271146591B300957DC1 /* Supporting Files */,
			);
			path = Hackathon;
			sourceTree = "<group>";
		};
		C9C86271146591B300957DC1 /* Supporting Files */ = {
			isa = PBXGroup;
			children = (
				C9C86272146591B300957DC1 /* Hackathon-Info.plist */,
				C9C86273146591B300957DC1 /* InfoPlist.strings */,
				C9C86276146591B300957DC1 /* main.m */,
				C9C86278146591B300957DC1 /* Hackathon-Prefix.pch */,
			);
			name = "Supporting Files";
			sourceTree = "<group>";
		};
/* End PBXGroup section */

/* Begin PBXNativeTarget section */
		C9C86265146591B300957DC1 /* Hackathon */ = {
			isa = PBXNativeTarget;
			buildConfigurationList = C9C8628F146591B300957DC1 /* Build configuration list for PBXNativeTarget "Hackathon" */;
			buildPhases = (
				C9C86262146591B300957DC1 /* Sources */,
				C9C86263146591B300957DC1 /* Frameworks */,
				C9C86264146591B300957DC1 /* Resources */,
			);
			buildRules = (
			);
			dependencies = (
			);
			name = Hackathon;
			productName = Hackathon;
			productReference = C9C86266146591B300957DC1 /* Hackathon.app */;
			productType = "com.apple.product-type.application";
		};
/* End PBXNativeTarget section */

/* Begin PBXProject section */
		C9C8625D146591B300957DC1 /* Project object */ = {
			isa = PBXProject;
			attributes = {
				LastUpgradeCheck = 0420;
			};
			buildConfigurationList = C9C86260146591B300957DC1 /* Build configuration list for PBXProject "Hackathon" */;
			compatibilityVersion = "Xcode 3.2";
			developmentRegion = English;
			hasScannedForEncodings = 0;
			knownRegions = (
				en,
			);
			mainGroup = C9C8625B146591B300957DC1;
			productRefGroup = C9C86267146591B300957DC1 /* Products */;
			projectDirPath = "";
			projectRoot = "";
			targets = (
				C9C86265146591B300957DC1 /* Hackathon */,
			);
		};
/* End PBXProject section */

/* Begin PBXResourcesBuildPhase section */
		C9C86264146591B300957DC1 /* Resources */ = {
			isa = PBXResourcesBuildPhase;
			buildActionMask = 2147483647;
			files = (
				C9C86275146591B300957DC1 /* InfoPlist.strings in Resources */,
				C9C8627E146591B300957DC1 /* MainStoryboard.storyboard in Resources */,
				C9C86283146591B300957DC1 /* first.png in Resources */,
				C9C86285146591B300957DC1 /* first@2x.png in Resources */,
				C9C8628A146591B300957DC1 /* second.png in Resources */,
				C9C8628C146591B300957DC1 /* second@2x.png in Resources */,
			);
			runOnlyForDeploymentPostprocessing = 0;
		};
/* End PBXResourcesBuildPhase section */

/* Begin PBXSourcesBuildPhase section */
		C9C86262146591B300957DC1 /* Sources */ = {
			isa = PBXSourcesBuildPhase;
			buildActionMask = 2147483647;
			files = (
				C9C86277146591B300957DC1 /* main.m in Sources */,
				C9C8627B146591B300957DC1 /* AppDelegate.m in Sources */,
				C9C86281146591B300957DC1 /* FirstViewController.m in Sources */,
				C9C86288146591B300957DC1 /* SecondViewController.m in Sources */,
				C9C862A41465A60C00957DC1 /* WebInterface.m in Sources */,
				C90CE2A61465A91100824301 /* ASINetworkQueue.m in Sources */,
				C90CE2A71465A91100824301 /* ASIInputStream.m in Sources */,
				C90CE2A81465A91100824301 /* ASIHTTPRequest.m in Sources */,
				C90CE2A91465A91100824301 /* ASIFormDataRequest.m in Sources */,
				C90CE2AA1465A91100824301 /* ASIDownloadCache.m in Sources */,
				C90CE2AB1465A91100824301 /* ASIDataDecompressor.m in Sources */,
				C90CE2AC1465A91100824301 /* ASIDataCompressor.m in Sources */,
				C90CE2AD1465A91100824301 /* ASIAuthenticationDialog.m in Sources */,
				C90CE2B21465A94900824301 /* Reachability.m in Sources */,
				C90CE2BF1465C48C00824301 /* PoopImage.m in Sources */,
				C90CE2CE1465D23900824301 /* CJSONDeserializer.m in Sources */,
				C90CE2CF1465D23900824301 /* CDataScanner.m in Sources */,
				C90CE2D21465D27200824301 /* CJSONScanner.m in Sources */,
				C90CE2D51465D28000824301 /* CDataScanner_Extensions.m in Sources */,
			);
			runOnlyForDeploymentPostprocessing = 0;
		};
/* End PBXSourcesBuildPhase section */

/* Begin PBXVariantGroup section */
		C9C86273146591B300957DC1 /* InfoPlist.strings */ = {
			isa = PBXVariantGroup;
			children = (
				C9C86274146591B300957DC1 /* en */,
			);
			name = InfoPlist.strings;
			sourceTree = "<group>";
		};
		C9C8627C146591B300957DC1 /* MainStoryboard.storyboard */ = {
			isa = PBXVariantGroup;
			children = (
				C9C8627D146591B300957DC1 /* en */,
			);
			name = MainStoryboard.storyboard;
			sourceTree = "<group>";
		};
/* End PBXVariantGroup section */

/* Begin XCBuildConfiguration section */
		C9C8628D146591B300957DC1 /* Debug */ = {
			isa = XCBuildConfiguration;
			buildSettings = {
				ALWAYS_SEARCH_USER_PATHS = NO;
				ARCHS = "$(ARCHS_STANDARD_32_BIT)";
				"CODE_SIGN_IDENTITY[sdk=iphoneos*]" = "iPhone Developer";
				COPY_PHASE_STRIP = NO;
				GCC_C_LANGUAGE_STANDARD = gnu99;
				GCC_DYNAMIC_NO_PIC = NO;
				GCC_OPTIMIZATION_LEVEL = 0;
				GCC_PREPROCESSOR_DEFINITIONS = (
					"DEBUG=1",
					"$(inherited)",
				);
				GCC_SYMBOLS_PRIVATE_EXTERN = NO;
				GCC_VERSION = com.apple.compilers.llvm.clang.1_0;
				GCC_WARN_ABOUT_MISSING_PROTOTYPES = YES;
				GCC_WARN_ABOUT_RETURN_TYPE = YES;
				GCC_WARN_UNUSED_VARIABLE = YES;
				IPHONEOS_DEPLOYMENT_TARGET = 5.0;
				SDKROOT = iphoneos;
			};
			name = Debug;
		};
		C9C8628E146591B300957DC1 /* Release */ = {
			isa = XCBuildConfiguration;
			buildSettings = {
				ALWAYS_SEARCH_USER_PATHS = NO;
				ARCHS = "$(ARCHS_STANDARD_32_BIT)";
				"CODE_SIGN_IDENTITY[sdk=iphoneos*]" = "iPhone Developer";
				COPY_PHASE_STRIP = YES;
				GCC_C_LANGUAGE_STANDARD = gnu99;
				GCC_VERSION = com.apple.compilers.llvm.clang.1_0;
				GCC_WARN_ABOUT_MISSING_PROTOTYPES = YES;
				GCC_WARN_ABOUT_RETURN_TYPE = YES;
				GCC_WARN_UNUSED_VARIABLE = YES;
				IPHONEOS_DEPLOYMENT_TARGET = 5.0;
				OTHER_CFLAGS = "-DNS_BLOCK_ASSERTIONS=1";
				SDKROOT = iphoneos;
				VALIDATE_PRODUCT = YES;
			};
			name = Release;
		};
		C9C86290146591B300957DC1 /* Debug */ = {
			isa = XCBuildConfiguration;
			buildSettings = {
				GCC_PRECOMPILE_PREFIX_HEADER = YES;
				GCC_PREFIX_HEADER = "Hackathon/Hackathon-Prefix.pch";
				INFOPLIST_FILE = "Hackathon/Hackathon-Info.plist";
				PRODUCT_NAME = "$(TARGET_NAME)";
				WRAPPER_EXTENSION = app;
			};
			name = Debug;
		};
		C9C86291146591B300957DC1 /* Release */ = {
			isa = XCBuildConfiguration;
			buildSettings = {
				GCC_PRECOMPILE_PREFIX_HEADER = YES;
				GCC_PREFIX_HEADER = "Hackathon/Hackathon-Prefix.pch";
				INFOPLIST_FILE = "Hackathon/Hackathon-Info.plist";
				PRODUCT_NAME = "$(TARGET_NAME)";
				WRAPPER_EXTENSION = app;
			};
			name = Release;
		};
/* End XCBuildConfiguration section */

/* Begin XCConfigurationList section */
		C9C86260146591B300957DC1 /* Build configuration list for PBXProject "Hackathon" */ = {
			isa = XCConfigurationList;
			buildConfigurations = (
				C9C8628D146591B300957DC1 /* Debug */,
				C9C8628E146591B300957DC1 /* Release */,
			);
			defaultConfigurationIsVisible = 0;
			defaultConfigurationName = Release;
		};
		C9C8628F146591B300957DC1 /* Build configuration list for PBXNativeTarget "Hackathon" */ = {
			isa = XCConfigurationList;
			buildConfigurations = (
				C9C86290146591B300957DC1 /* Debug */,
				C9C86291146591B300957DC1 /* Release */,
			);
			defaultConfigurationIsVisible = 0;
			defaultConfigurationName = Release;
		};
/* End XCConfigurationList section */
	};
	rootObject = C9C8625D146591B300957DC1 /* Project object */;
}
